PODS:
  - BigInt (3.1.0):
    - SipHash (~> 1.2)
  - CryptoSwift (1.4.0)
  - secp256k1.swift (0.1.4)
  - SipHash (1.2.2)
  - TrezorCrypto (0.0.9)

DEPENDENCIES:
  - BigInt (~> 3.0)
  - CryptoSwift (= 1.4)
  - secp256k1.swift
  - TrezorCrypto

SPEC REPOS:
  trunk:
    - BigInt
    - CryptoSwift
    - secp256k1.swift
    - SipHash
    - TrezorCrypto

SPEC CHECKSUMS:
  BigInt: 76b5dfdfa3e2e478d4ffdf161aeede5502e2742f
  CryptoSwift: 7cc902df1784de3b389a387756c7d710f197730c
  secp256k1.swift: a7e7a214f6db6ce5db32cc6b2b45e5c4dd633634
  SipHash: fad90a4683e420c52ef28063063dbbce248ea6d4
  TrezorCrypto: bfeea47a052dca2c77d4a39e1e183865e52de14d

PODFILE CHECKSUM: 881a86be30fa88b23a3b2e2a39fdde4397a2ed0a

COCOAPODS: 1.10.1
